
Microsoft Visual Studio Solution File, Format Version 12.00
# Visual Studio 2013
VisualStudioVersion = 12.0.21005.1
MinimumVisualStudioVersion = 10.0.40219.1
Project("{FAE04EC0-301F-11D3-BF4B-00C04F79EFBC}") = "LSystemNew", "LSystemNew\LSystemNew.csproj", "{9A735718-61B7-4200-BCB9-618E7BD2C9F2}"
EndProject
Project("{FAE04EC0-301F-11D3-BF4B-00C04F79EFBC}") = "LSystemNewTest", "LSystemNewTest\LSystemNewTest.csproj", "{8D771BA9-9C18-4C9B-B31E-51FBBFE33CC6}"
EndProject
Global
	GlobalSection(SolutionConfigurationPlatforms) = preSolution
		Debug|Any CPU = Debug|Any CPU
		Release|Any CPU = Release|Any CPU
	EndGlobalSection
	GlobalSection(ProjectConfigurationPlatforms) = postSolution
		{9A735718-61B7-4200-BCB9-618E7BD2C9F2}.Debug|Any CPU.ActiveCfg = Debug|Any CPU
		{9A735718-61B7-4200-BCB9-618E7BD2C9F2}.Debug|Any CPU.Build.0 = Debug|Any CPU
		{9A735718-61B7-4200-BCB9-618E7BD2C9F2}.Release|Any CPU.ActiveCfg = Release|Any CPU
		{9A735718-61B7-4200-BCB9-618E7BD2C9F2}.Release|Any CPU.Build.0 = Release|Any CPU
		{8D771BA9-9C18-4C9B-B31E-51FBBFE33CC6}.Debug|Any CPU.ActiveCfg = Debug|Any CPU
		{8D771BA9-9C18-4C9B-B31E-51FBBFE33CC6}.Debug|Any CPU.Build.0 = Debug|Any CPU
		{8D771BA9-9C18-4C9B-B31E-51FBBFE33CC6}.Release|Any CPU.ActiveCfg = Release|Any CPU
		{8D771BA9-9C18-4C9B-B31E-51FBBFE33CC6}.Release|Any CPU.Build.0 = Release|Any CPU
	EndGlobalSection
	GlobalSection(SolutionProperties) = preSolution
		HideSolutionNode = FALSE
	EndGlobalSection
	GlobalSection(Performance) = preSolution
		HasPerformanceSessions = true
	EndGlobalSection
EndGlobal
